
Microsoft Visual Studio Solution File, Format Version 12.00
# Visual Studio Version 17
VisualStudioVersion = 17.14.36203.30 d17.14
MinimumVisualStudioVersion = 10.0.40219.1
Project("{FAE04EC0-301F-11D3-BF4B-00C04F79EFBC}") = "ToDoList", "ToDoList\ToDoList.csproj", "{E57579B0-EFDB-450E-95D3-80F8D81020AA}"
EndProject
Global
	GlobalSection(SolutionConfigurationPlatforms) = preSolution
		Debug|Any CPU = Debug|Any CPU
		Release|Any CPU = Release|Any CPU
	EndGlobalSection
	GlobalSection(ProjectConfigurationPlatforms) = postSolution
		{E57579B0-EFDB-450E-95D3-80F8D81020AA}.Debug|Any CPU.ActiveCfg = Debug|Any CPU
		{E57579B0-EFDB-450E-95D3-80F8D81020AA}.Debug|Any CPU.Build.0 = Debug|Any CPU
		{E57579B0-EFDB-450E-95D3-80F8D81020AA}.Release|Any CPU.ActiveCfg = Release|Any CPU
		{E57579B0-EFDB-450E-95D3-80F8D81020AA}.Release|Any CPU.Build.0 = Release|Any CPU
	EndGlobalSection
	GlobalSection(SolutionProperties) = preSolution
		HideSolutionNode = FALSE
	EndGlobalSection
	GlobalSection(ExtensibilityGlobals) = postSolution
		SolutionGuid = {F8C58816-6613-45A5-A29F-906F6C0687F9}
	EndGlobalSection
EndGlobal
